
Microsoft Visual Studio Solution File, Format Version 12.00
# Visual Studio Version 17
VisualStudioVersion = 17.8.34316.72
MinimumVisualStudioVersion = 10.0.40219.1
Project("{FAE04EC0-301F-11D3-BF4B-00C04F79EFBC}") = "EventDemo", "EventDemo\EventDemo.csproj", "{013C3759-7402-49AB-B43A-3ACCFAFB2FB1}"
EndProject
Global
	GlobalSection(SolutionConfigurationPlatforms) = preSolution
		Debug|Any CPU = Debug|Any CPU
		Release|Any CPU = Release|Any CPU
	EndGlobalSection
	GlobalSection(ProjectConfigurationPlatforms) = postSolution
		{013C3759-7402-49AB-B43A-3ACCFAFB2FB1}.Debug|Any CPU.ActiveCfg = Debug|Any CPU
		{013C3759-7402-49AB-B43A-3ACCFAFB2FB1}.Debug|Any CPU.Build.0 = Debug|Any CPU
		{013C3759-7402-49AB-B43A-3ACCFAFB2FB1}.Release|Any CPU.ActiveCfg = Release|Any CPU
		{013C3759-7402-49AB-B43A-3ACCFAFB2FB1}.Release|Any CPU.Build.0 = Release|Any CPU
	EndGlobalSection
	GlobalSection(SolutionProperties) = preSolution
		HideSolutionNode = FALSE
	EndGlobalSection
	GlobalSection(ExtensibilityGlobals) = postSolution
		SolutionGuid = {C1C00ABF-0D15-440A-870D-B6F1A5422314}
	EndGlobalSection
EndGlobal
